
Microsoft Visual Studio Solution File, Format Version 12.00
# Visual Studio Version 17
VisualStudioVersion = 17.5.33516.290
MinimumVisualStudioVersion = 10.0.40219.1
Project("{2150E333-8FDC-42A3-9474-1A3956D46DE8}") = "src", "src", "{5F2E2BEE-8DDE-46E0-BA0B-2DC66F412E11}"
EndProject
Project("{2150E333-8FDC-42A3-9474-1A3956D46DE8}") = "Services", "Services", "{ECE74763-A474-4C31-AD8C-E9879E017C38}"
EndProject
Project("{2150E333-8FDC-42A3-9474-1A3956D46DE8}") = "Building Blocks", "Building Blocks", "{BEC1CE55-14C2-4C57-9E81-A4A603D97E44}"
EndProject
Project("{2150E333-8FDC-42A3-9474-1A3956D46DE8}") = "Web", "Web", "{CA9C89B7-AE30-40E4-B855-9D7E102AFE0A}"
EndProject
Project("{2150E333-8FDC-42A3-9474-1A3956D46DE8}") = "Identity", "Identity", "{4B4DFC37-4458-458A-A0FD-5D9D63625E46}"
EndProject
Project("{FAE04EC0-301F-11D3-BF4B-00C04F79EFBC}") = "SS.Identity.API", "src\services\SS.Identity.API\SS.Identity.API.csproj", "{0970807A-BA51-4DDB-BDEB-9BB450704A3E}"
EndProject
Project("{FAE04EC0-301F-11D3-BF4B-00C04F79EFBC}") = "SS.WebApp.MVC", "src\web\SS.WebApp.MVC\SS.WebApp.MVC.csproj", "{2F6FBDFC-A812-4378-8C81-A78AD16E7971}"
EndProject
Project("{FAE04EC0-301F-11D3-BF4B-00C04F79EFBC}") = "Teste", "src\web\Teste\Teste.csproj", "{0813996B-019E-4A80-91A7-013C37CA0479}"
EndProject
Global
	GlobalSection(SolutionConfigurationPlatforms) = preSolution
		Debug|Any CPU = Debug|Any CPU
		Release|Any CPU = Release|Any CPU
	EndGlobalSection
	GlobalSection(ProjectConfigurationPlatforms) = postSolution
		{0970807A-BA51-4DDB-BDEB-9BB450704A3E}.Debug|Any CPU.ActiveCfg = Debug|Any CPU
		{0970807A-BA51-4DDB-BDEB-9BB450704A3E}.Debug|Any CPU.Build.0 = Debug|Any CPU
		{0970807A-BA51-4DDB-BDEB-9BB450704A3E}.Release|Any CPU.ActiveCfg = Release|Any CPU
		{0970807A-BA51-4DDB-BDEB-9BB450704A3E}.Release|Any CPU.Build.0 = Release|Any CPU
		{2F6FBDFC-A812-4378-8C81-A78AD16E7971}.Debug|Any CPU.ActiveCfg = Debug|Any CPU
		{2F6FBDFC-A812-4378-8C81-A78AD16E7971}.Debug|Any CPU.Build.0 = Debug|Any CPU
		{2F6FBDFC-A812-4378-8C81-A78AD16E7971}.Release|Any CPU.ActiveCfg = Release|Any CPU
		{2F6FBDFC-A812-4378-8C81-A78AD16E7971}.Release|Any CPU.Build.0 = Release|Any CPU
		{0813996B-019E-4A80-91A7-013C37CA0479}.Debug|Any CPU.ActiveCfg = Debug|Any CPU
		{0813996B-019E-4A80-91A7-013C37CA0479}.Debug|Any CPU.Build.0 = Debug|Any CPU
		{0813996B-019E-4A80-91A7-013C37CA0479}.Release|Any CPU.ActiveCfg = Release|Any CPU
		{0813996B-019E-4A80-91A7-013C37CA0479}.Release|Any CPU.Build.0 = Release|Any CPU
	EndGlobalSection
	GlobalSection(SolutionProperties) = preSolution
		HideSolutionNode = FALSE
	EndGlobalSection
	GlobalSection(NestedProjects) = preSolution
		{ECE74763-A474-4C31-AD8C-E9879E017C38} = {5F2E2BEE-8DDE-46E0-BA0B-2DC66F412E11}
		{BEC1CE55-14C2-4C57-9E81-A4A603D97E44} = {5F2E2BEE-8DDE-46E0-BA0B-2DC66F412E11}
		{CA9C89B7-AE30-40E4-B855-9D7E102AFE0A} = {5F2E2BEE-8DDE-46E0-BA0B-2DC66F412E11}
		{4B4DFC37-4458-458A-A0FD-5D9D63625E46} = {ECE74763-A474-4C31-AD8C-E9879E017C38}
		{0970807A-BA51-4DDB-BDEB-9BB450704A3E} = {4B4DFC37-4458-458A-A0FD-5D9D63625E46}
		{2F6FBDFC-A812-4378-8C81-A78AD16E7971} = {CA9C89B7-AE30-40E4-B855-9D7E102AFE0A}
		{0813996B-019E-4A80-91A7-013C37CA0479} = {CA9C89B7-AE30-40E4-B855-9D7E102AFE0A}
	EndGlobalSection
	GlobalSection(ExtensibilityGlobals) = postSolution
		SolutionGuid = {FC5F00A7-1B80-4F87-B93C-2404C9B2CE47}
	EndGlobalSection
EndGlobal
